
Microsoft Visual Studio Solution File, Format Version 12.00
Project("{FAE04EC0-301F-11D3-BF4B-00C04F79EFBC}") = "Flux", "Flux.csproj", "{3583365A-42D6-44E9-A8D7-F13BFC225AAD}"
EndProject
Global
	GlobalSection(SolutionConfigurationPlatforms) = preSolution
		Debug|Any CPU = Debug|Any CPU
		Release|Any CPU = Release|Any CPU
	EndGlobalSection
	GlobalSection(ProjectConfigurationPlatforms) = postSolution
		{3583365A-42D6-44E9-A8D7-F13BFC225AAD}.Debug|Any CPU.ActiveCfg = Debug|Any CPU
		{3583365A-42D6-44E9-A8D7-F13BFC225AAD}.Debug|Any CPU.Build.0 = Debug|Any CPU
		{3583365A-42D6-44E9-A8D7-F13BFC225AAD}.Release|Any CPU.ActiveCfg = Release|Any CPU
		{3583365A-42D6-44E9-A8D7-F13BFC225AAD}.Release|Any CPU.Build.0 = Release|Any CPU
	EndGlobalSection
EndGlobal
